{
  "name": "@singleware/signrequest",
  "version": "1.0.16",
  "lockfileVersion": 1,
  "requires": true,
  "dependencies": {
    "@singleware/class": {
      "version": "1.1.19",
      "resolved": "https://registry.npmjs.org/@singleware/class/-/class-1.1.19.tgz",
      "integrity": "sha512-WDZ+FF8Y+HCMvO3FDbl1id2AT/1GK96DQsg4ukmK3ESqudppbXXVzQe7UdaQJFpWw8yBifm+zAucUgGufXtQiQ=="
    },
    "@singleware/injection": {
      "version": "1.0.23",
      "resolved": "https://registry.npmjs.org/@singleware/injection/-/injection-1.0.23.tgz",
      "integrity": "sha512-r7u6PI0UKoo4MNDa2DIWYul8VGKa+VLVdekWgEaxyvAoB2NED70+siYCTSimVrxsdUrqx7BzwTU/ntp8BzmCuA==",
      "requires": {
        "@singleware/class": "^1.1.14"
      }
    },
    "@singleware/mapping": {
      "version": "1.3.71",
      "resolved": "https://registry.npmjs.org/@singleware/mapping/-/mapping-1.3.71.tgz",
      "integrity": "sha512-U8Up3n2o4yF5/HgyGdbvAqxHEjaL7/qbET8FB2bMSgM2Xg7bvMh7ApEwYXXReBHhcHoxsap5afL1F4cLeedHVQ==",
      "requires": {
        "@singleware/class": "^1.1.19",
        "@singleware/types": "^1.1.3"
      }
    },
    "@singleware/observable": {
      "version": "1.0.21",
      "resolved": "https://registry.npmjs.org/@singleware/observable/-/observable-1.0.21.tgz",
      "integrity": "sha512-nUu9U2FdwEit0ZJU3bFER/fPPjpQX6nzVybMmGrPUYhU5nUm6uyp2n/+vxEdSvQKBpzU+kkntZVc7mTaQTcjVA==",
      "requires": {
        "@singleware/class": "^1.1.14"
      }
    },
    "@singleware/path": {
      "version": "1.0.7",
      "resolved": "https://registry.npmjs.org/@singleware/path/-/path-1.0.7.tgz",
      "integrity": "sha512-fhnhMyihUSO0bGEaEvdtlLUeoNpQJLZlCi7M4sp+Ap9VlDYSuGZMzacHtH6YHcAnIMex3yVm75MHqmhZ64x/sg==",
      "requires": {
        "@singleware/class": "^1.1.19"
      }
    },
    "@singleware/restdb": {
      "version": "1.3.72",
      "resolved": "https://registry.npmjs.org/@singleware/restdb/-/restdb-1.3.72.tgz",
      "integrity": "sha512-sA6v6INr7zG8Jls7xYwOqagfLM8wAy9J3V5ehbU7eVpx+O1KJ6t3neB7UA+hbjnfORodBNGrTbrxQ0dCrT9Z3g==",
      "requires": {
        "@singleware/class": "^1.1.19",
        "@singleware/mapping": "^1.3.71",
        "@singleware/observable": "^1.0.21",
        "@singleware/path": "^1.0.7"
      }
    },
    "@singleware/testing": {
      "version": "1.0.1",
      "resolved": "https://registry.npmjs.org/@singleware/testing/-/testing-1.0.1.tgz",
      "integrity": "sha512-eei5h/rnSRGWaaeUtinAOdfy6oOOY7v7XLbp7uLt4wQap5Yejk+Xfe6nXJxI/abWX7g4fyn9WJgQ+rNlvNqA4g==",
      "dev": true,
      "requires": {
        "@singleware/class": "^1.1.19"
      }
    },
    "@singleware/types": {
      "version": "1.1.3",
      "resolved": "https://registry.npmjs.org/@singleware/types/-/types-1.1.3.tgz",
      "integrity": "sha512-WS9pTIBMn0aTWfwTxDOwE+jgS8Q+pFfJ/wHWpVBISJBxAow/WnnAyxWBryv+PEMwz3+0W/+r4TUAjKW15fixgA==",
      "requires": {
        "@singleware/class": "^1.1.14"
      }
    },
    "@types/node": {
      "version": "12.12.48",
      "resolved": "https://registry.npmjs.org/@types/node/-/node-12.12.48.tgz",
      "integrity": "sha512-m3Nmo/YaDUfYzdCQlxjF5pIy7TNyDTAJhIa//xtHcF0dlgYIBKULKnmloCPtByDxtZXrWV8Pge1AKT6/lRvVWg==",
      "dev": true
    },
    "prettier": {
      "version": "1.19.1",
      "resolved": "https://registry.npmjs.org/prettier/-/prettier-1.19.1.tgz",
      "integrity": "sha512-s7PoyDv/II1ObgQunCbB9PdLmUcBZcnWOcxDh7O0N/UwDEsHyqkW+Qh28jW+mVuCdx7gLB0BotYI1Y6uI9iyew==",
      "dev": true
    },
    "typescript": {
      "version": "3.9.6",
      "resolved": "https://registry.npmjs.org/typescript/-/typescript-3.9.6.tgz",
      "integrity": "sha512-Pspx3oKAPJtjNwE92YS05HQoY7z2SFyOpHo9MqJor3BXAGNaPUs83CuVp9VISFkSjyRfiTpmKuAYGJB7S7hOxw==",
      "dev": true
    }
  }
}
